# CookSprite lock-input-sha256: cea80ccac132db01cdaad7fe703313b0ddbb99f4c3dd537b19ca8a15e0a96c48
# This file was autogenerated by uv via the following command:
#    uv pip compile --universal --python-version 3.11 --output-file /Users/vice/code/cooksprite/cooksprite/comfy/requirements.lock /Users/vice/code/cooksprite/cooksprite/comfy/requirements.in
aiohappyeyeballs==2.7.1
    # via aiohttp
aiohttp==3.14.3
    # via -r cooksprite/comfy/requirements.in
aiosignal==1.4.0
    # via aiohttp
alembic==1.19.1
    # via -r cooksprite/comfy/requirements.in
annotated-doc==0.0.5
    # via typer
annotated-types==0.8.0
    # via pydantic
anyio==4.14.2
    # via httpx
attrs==26.1.0
    # via
    #   aiohttp
    #   jsonschema
    #   referencing
av==18.1.0
    # via -r cooksprite/comfy/requirements.in
blake3==1.0.9
    # via -r cooksprite/comfy/requirements.in
certifi==2026.7.22
    # via
    #   httpcore
    #   httpx
    #   requests
charset-normalizer==3.5.1
    # via requests
click==8.4.2
    # via huggingface-hub
colorama==0.4.6 ; sys_platform == 'win32'
    # via
    #   click
    #   tqdm
    #   typer
coloredlogs==15.0.1
    # via onnxruntime-gpu
comfy-aimdo==0.4.13
    # via -r cooksprite/comfy/requirements.in
comfy-kitchen==0.2.31
    # via -r cooksprite/comfy/requirements.in
comfyui-embedded-docs==0.5.9
    # via -r cooksprite/comfy/requirements.in
comfyui-frontend-package==1.49.6
    # via -r cooksprite/comfy/requirements.in
comfyui-workflow-templates==0.11.43
    # via -r cooksprite/comfy/requirements.in
comfyui-workflow-templates-core==0.3.314
    # via comfyui-workflow-templates
comfyui-workflow-templates-json==0.1.49
    # via comfyui-workflow-templates
comfyui-workflow-templates-media-api==0.3.84
    # via comfyui-workflow-templates
comfyui-workflow-templates-media-assets-01==0.1.29
    # via comfyui-workflow-templates
comfyui-workflow-templates-media-image==0.3.160
    # via comfyui-workflow-templates
comfyui-workflow-templates-media-other==0.3.229
    # via comfyui-workflow-templates
comfyui-workflow-templates-media-video==0.3.101
    # via comfyui-workflow-templates
einops==0.8.2
    # via -r cooksprite/comfy/requirements.in
filelock==3.32.3
    # via
    #   -r cooksprite/comfy/requirements.in
    #   huggingface-hub
    #   torch
flatbuffers==25.12.19
    # via onnxruntime-gpu
frozenlist==1.8.0
    # via
    #   aiohttp
    #   aiosignal
fsspec==2026.7.0
    # via
    #   huggingface-hub
    #   torch
greenlet==3.5.5 ; platform_machine == 'AMD64' or platform_machine == 'WIN32' or platform_machine == 'aarch64' or platform_machine == 'amd64' or platform_machine == 'ppc64le' or platform_machine == 'win32' or platform_machine == 'x86_64'
    # via sqlalchemy
h11==0.16.0
    # via httpcore
hf-xet==1.6.0 ; platform_machine == 'AMD64' or platform_machine == 'aarch64' or platform_machine == 'amd64' or platform_machine == 'arm64' or platform_machine == 'x86_64'
    # via huggingface-hub
httpcore==1.0.9
    # via httpx
httpx==0.28.1
    # via huggingface-hub
huggingface-hub==1.27.0
    # via
    #   tokenizers
    #   transformers
humanfriendly==10.0
    # via coloredlogs
idna==3.18
    # via
    #   anyio
    #   httpx
    #   requests
    #   yarl
imageio==2.37.4
    # via
    #   -r cooksprite/comfy/../nodes/requirements.txt
    #   scikit-image
imageio-ffmpeg==0.6.0
    # via -r cooksprite/comfy/../nodes/requirements.txt
jinja2==3.1.6
    # via torch
jsonschema==4.26.0
    # via rembg
jsonschema-specifications==2025.9.1
    # via jsonschema
lazy-loader==0.5
    # via scikit-image
llvmlite==0.49.0
    # via numba
mako==1.4.1
    # via alembic
markdown-it-py==4.2.0
    # via rich
markupsafe==3.0.3
    # via
    #   jinja2
    #   mako
mdurl==0.1.2
    # via markdown-it-py
mpmath==1.3.0
    # via sympy
multidict==6.7.1
    # via
    #   aiohttp
    #   yarl
networkx==3.6.1
    # via
    #   scikit-image
    #   torch
numba==0.67.0
    # via pymatting
numpy==2.4.6 ; python_full_version < '3.12'
    # via
    #   -r cooksprite/comfy/../nodes/requirements.txt
    #   -r cooksprite/comfy/requirements.in
    #   imageio
    #   numba
    #   onnxruntime-gpu
    #   opencv-python-headless
    #   pymatting
    #   rembg
    #   scikit-image
    #   scipy
    #   tifffile
    #   torchsde
    #   torchvision
    #   transformers
numpy==2.5.2 ; python_full_version >= '3.12'
    # via
    #   -r cooksprite/comfy/../nodes/requirements.txt
    #   -r cooksprite/comfy/requirements.in
    #   imageio
    #   numba
    #   onnxruntime-gpu
    #   opencv-python-headless
    #   pymatting
    #   rembg
    #   scikit-image
    #   scipy
    #   tifffile
    #   torchsde
    #   torchvision
    #   transformers
nvidia-cublas-cu12==12.6.4.1 ; platform_machine == 'x86_64' and sys_platform == 'linux'
    # via
    #   nvidia-cudnn-cu12
    #   nvidia-cusolver-cu12
    #   torch
nvidia-cuda-cupti-cu12==12.6.80 ; platform_machine == 'x86_64' and sys_platform == 'linux'
    # via torch
nvidia-cuda-nvrtc-cu12==12.6.77 ; platform_machine == 'x86_64' and sys_platform == 'linux'
    # via torch
nvidia-cuda-runtime-cu12==12.6.77 ; platform_machine == 'x86_64' and sys_platform == 'linux'
    # via torch
nvidia-cudnn-cu12==9.5.1.17 ; platform_machine == 'x86_64' and sys_platform == 'linux'
    # via torch
nvidia-cufft-cu12==11.3.0.4 ; platform_machine == 'x86_64' and sys_platform == 'linux'
    # via torch
nvidia-cufile-cu12==1.11.1.6 ; platform_machine == 'x86_64' and sys_platform == 'linux'
    # via torch
nvidia-curand-cu12==10.3.7.77 ; platform_machine == 'x86_64' and sys_platform == 'linux'
    # via torch
nvidia-cusolver-cu12==11.7.1.2 ; platform_machine == 'x86_64' and sys_platform == 'linux'
    # via torch
nvidia-cusparse-cu12==12.5.4.2 ; platform_machine == 'x86_64' and sys_platform == 'linux'
    # via
    #   nvidia-cusolver-cu12
    #   torch
nvidia-cusparselt-cu12==0.6.3 ; platform_machine == 'x86_64' and sys_platform == 'linux'
    # via torch
nvidia-nccl-cu12==2.26.2 ; platform_machine == 'x86_64' and sys_platform == 'linux'
    # via torch
nvidia-nvjitlink-cu12==12.6.85 ; platform_machine == 'x86_64' and sys_platform == 'linux'
    # via
    #   nvidia-cufft-cu12
    #   nvidia-cusolver-cu12
    #   nvidia-cusparse-cu12
    #   torch
nvidia-nvtx-cu12==12.6.77 ; platform_machine == 'x86_64' and sys_platform == 'linux'
    # via torch
onnxruntime-gpu==1.23.2
    # via -r cooksprite/comfy/../nodes/requirements.txt
opencv-python-headless==4.14.0.94
    # via -r cooksprite/comfy/../nodes/requirements.txt
packaging==26.3
    # via
    #   huggingface-hub
    #   lazy-loader
    #   onnxruntime-gpu
    #   pooch
    #   scikit-image
    #   transformers
pillow==12.3.0
    # via
    #   -r cooksprite/comfy/../nodes/requirements.txt
    #   -r cooksprite/comfy/requirements.in
    #   imageio
    #   pymatting
    #   rembg
    #   scikit-image
    #   torchvision
platformdirs==4.11.3
    # via pooch
pooch==1.9.0
    # via rembg
propcache==0.5.2
    # via
    #   aiohttp
    #   yarl
protobuf==7.35.1
    # via onnxruntime-gpu
psutil==7.2.2
    # via -r cooksprite/comfy/requirements.in
pydantic==2.13.4
    # via
    #   -r cooksprite/comfy/requirements.in
    #   pydantic-settings
pydantic-core==2.46.4
    # via pydantic
pydantic-settings==2.15.0
    # via -r cooksprite/comfy/requirements.in
pygments==2.21.0
    # via rich
pymatting==1.1.15
    # via rembg
pyreadline3==3.5.6 ; sys_platform == 'win32'
    # via humanfriendly
python-dotenv==1.2.3
    # via pydantic-settings
pyyaml==6.0.3
    # via
    #   -r cooksprite/comfy/../nodes/requirements.txt
    #   -r cooksprite/comfy/requirements.in
    #   huggingface-hub
    #   transformers
referencing==0.37.0
    # via
    #   jsonschema
    #   jsonschema-specifications
regex==2026.7.19
    # via transformers
rembg==2.0.80
    # via -r cooksprite/comfy/../nodes/requirements.txt
requests==2.34.2
    # via
    #   -r cooksprite/comfy/requirements.in
    #   pooch
rich==15.0.0
    # via typer
rpds-py==2026.6.3
    # via
    #   jsonschema
    #   referencing
safetensors==0.8.0
    # via
    #   -r cooksprite/comfy/requirements.in
    #   transformers
scikit-image==0.26.0
    # via
    #   -r cooksprite/comfy/../nodes/requirements.txt
    #   rembg
scipy==1.17.1 ; python_full_version < '3.12'
    # via
    #   -r cooksprite/comfy/../nodes/requirements.txt
    #   pymatting
    #   rembg
    #   scikit-image
    #   torchsde
scipy==1.18.0 ; python_full_version >= '3.12'
    # via
    #   -r cooksprite/comfy/../nodes/requirements.txt
    #   pymatting
    #   rembg
    #   scikit-image
    #   torchsde
sentencepiece==0.2.2
    # via -r cooksprite/comfy/requirements.in
setuptools==84.0.0 ; (python_full_version >= '3.12' and platform_machine != 'x86_64') or (python_full_version >= '3.12' and sys_platform != 'linux') or (platform_machine == 'x86_64' and sys_platform == 'linux')
    # via
    #   torch
    #   triton
shellingham==1.5.4
    # via typer
simpleeval==1.0.7
    # via -r cooksprite/comfy/requirements.in
sqlalchemy==2.0.52
    # via
    #   -r cooksprite/comfy/requirements.in
    #   alembic
sympy==1.14.0
    # via
    #   onnxruntime-gpu
    #   torch
tifffile==2026.3.3 ; python_full_version < '3.12'
    # via scikit-image
tifffile==2026.8.16 ; python_full_version >= '3.12'
    # via scikit-image
tokenizers==0.22.2
    # via
    #   -r cooksprite/comfy/requirements.in
    #   transformers
torch==2.7.0
    # via
    #   -r cooksprite/comfy/requirements.in
    #   torchaudio
    #   torchsde
    #   torchvision
torchaudio==2.7.0
    # via -r cooksprite/comfy/requirements.in
torchsde==0.2.6
    # via -r cooksprite/comfy/requirements.in
torchvision==0.22.0
    # via -r cooksprite/comfy/requirements.in
tqdm==4.70.0
    # via
    #   -r cooksprite/comfy/requirements.in
    #   huggingface-hub
    #   rembg
    #   transformers
trampoline==0.1.2
    # via torchsde
transformers==5.15.0
    # via -r cooksprite/comfy/requirements.in
triton==3.3.0 ; platform_machine == 'x86_64' and sys_platform == 'linux'
    # via torch
typer==0.27.1
    # via transformers
typing-extensions==4.16.0
    # via
    #   aiohttp
    #   aiosignal
    #   alembic
    #   anyio
    #   blake3
    #   huggingface-hub
    #   pydantic
    #   pydantic-core
    #   referencing
    #   sqlalchemy
    #   torch
    #   typing-inspection
typing-inspection==0.4.4
    # via
    #   pydantic
    #   pydantic-settings
urllib3==2.7.0
    # via requests
yarl==1.24.5
    # via
    #   -r cooksprite/comfy/requirements.in
    #   aiohttp
